{
  "lockfile-version": 1,
  "manifest": {
    "version": 1,
    "install": {
      "nodejs": {
        "pkg-path": "nodejs"
      }
    },
    "hook": {
      "on-activate": "  # Autogenerated by Flox\n\n  # Install nodejs dependencies\n  npm install\n\n  # End autogenerated by Flox\n"
    },
    "profile": {},
    "options": {
      "systems": [
        "aarch64-darwin",
        "aarch64-linux",
        "x86_64-darwin",
        "x86_64-linux"
      ]
    }
  },
  "packages": [
    {
      "attr_path": "nodejs",
      "broken": false,
      "derivation": "/nix/store/4bl62dvqxj7m1c9jf0h6i7dj8kvmfph3-nodejs-22.14.0.drv",
      "description": "Event-driven I/O framework for the V8 JavaScript engine",
      "install_id": "nodejs",
      "license": "MIT",
      "locked_url": "https://github.com/flox/nixpkgs?rev=5e5402ecbcb27af32284d4a62553c019a3a49ea6",
      "name": "nodejs-22.14.0",
      "pname": "nodejs",
      "rev": "5e5402ecbcb27af32284d4a62553c019a3a49ea6",
      "rev_count": 775060,
      "rev_date": "2025-03-27T17:14:43Z",
      "scrape_date": "2025-03-29T01:10:07.852948Z",
      "stabilities": [
        "unstable"
      ],
      "unfree": false,
      "version": "22.14.0",
      "outputs_to_install": [
        "out"
      ],
      "outputs": {
        "libv8": "/nix/store/4m6xhygkx74fsd5k99nihgr7vg85f553-nodejs-22.14.0-libv8",
        "out": "/nix/store/i1v519j66jmvpqr5h382i9nanxwa5l6n-nodejs-22.14.0"
      },
      "system": "aarch64-darwin",
      "group": "toplevel",
      "priority": 5
    },
    {
      "attr_path": "nodejs",
      "broken": false,
      "derivation": "/nix/store/m8khc780w6kw2yrzfg4f6d53d8midsr2-nodejs-22.14.0.drv",
      "description": "Event-driven I/O framework for the V8 JavaScript engine",
      "install_id": "nodejs",
      "license": "MIT",
      "locked_url": "https://github.com/flox/nixpkgs?rev=5e5402ecbcb27af32284d4a62553c019a3a49ea6",
      "name": "nodejs-22.14.0",
      "pname": "nodejs",
      "rev": "5e5402ecbcb27af32284d4a62553c019a3a49ea6",
      "rev_count": 775060,
      "rev_date": "2025-03-27T17:14:43Z",
      "scrape_date": "2025-03-29T01:27:38.442015Z",
      "stabilities": [
        "unstable"
      ],
      "unfree": false,
      "version": "22.14.0",
      "outputs_to_install": [
        "out"
      ],
      "outputs": {
        "libv8": "/nix/store/s8407q9aa2mi2b60zk2mkjjdnv4qw87x-nodejs-22.14.0-libv8",
        "out": "/nix/store/p6183qmkyfkz5sqlv4wbw6a2nnh1r8jf-nodejs-22.14.0"
      },
      "system": "aarch64-linux",
      "group": "toplevel",
      "priority": 5
    },
    {
      "attr_path": "nodejs",
      "broken": false,
      "derivation": "/nix/store/196ab1kxhfzgd8vv2vspas0r7h4hxks8-nodejs-22.14.0.drv",
      "description": "Event-driven I/O framework for the V8 JavaScript engine",
      "install_id": "nodejs",
      "license": "MIT",
      "locked_url": "https://github.com/flox/nixpkgs?rev=5e5402ecbcb27af32284d4a62553c019a3a49ea6",
      "name": "nodejs-22.14.0",
      "pname": "nodejs",
      "rev": "5e5402ecbcb27af32284d4a62553c019a3a49ea6",
      "rev_count": 775060,
      "rev_date": "2025-03-27T17:14:43Z",
      "scrape_date": "2025-03-29T01:42:42.637999Z",
      "stabilities": [
        "unstable"
      ],
      "unfree": false,
      "version": "22.14.0",
      "outputs_to_install": [
        "out"
      ],
      "outputs": {
        "libv8": "/nix/store/sx5pbfq09qkl6bfxcljmhf5s1z049693-nodejs-22.14.0-libv8",
        "out": "/nix/store/mxpq0x25ayiliy6938pflhqvfc1nznkl-nodejs-22.14.0"
      },
      "system": "x86_64-darwin",
      "group": "toplevel",
      "priority": 5
    },
    {
      "attr_path": "nodejs",
      "broken": false,
      "derivation": "/nix/store/krrkhhd5vs17c7mx5zrqivf0rrl8w8kq-nodejs-22.14.0.drv",
      "description": "Event-driven I/O framework for the V8 JavaScript engine",
      "install_id": "nodejs",
      "license": "MIT",
      "locked_url": "https://github.com/flox/nixpkgs?rev=5e5402ecbcb27af32284d4a62553c019a3a49ea6",
      "name": "nodejs-22.14.0",
      "pname": "nodejs",
      "rev": "5e5402ecbcb27af32284d4a62553c019a3a49ea6",
      "rev_count": 775060,
      "rev_date": "2025-03-27T17:14:43Z",
      "scrape_date": "2025-03-29T02:01:17.022125Z",
      "stabilities": [
        "unstable"
      ],
      "unfree": false,
      "version": "22.14.0",
      "outputs_to_install": [
        "out"
      ],
      "outputs": {
        "libv8": "/nix/store/j4w6685rkqwwl03cc8phm8xiyb2xmbnq-nodejs-22.14.0-libv8",
        "out": "/nix/store/bmakyv5ip1wc9jk155glzdw4vnnrym04-nodejs-22.14.0"
      },
      "system": "x86_64-linux",
      "group": "toplevel",
      "priority": 5
    }
  ]
}