{
  "lockfile-version": 1,
  "manifest": {
    "version": 1,
    "install": {
      "nodejs": {
        "pkg-path": "nodejs"
      }
    },
    "hook": {
      "on-activate": "  # Autogenerated by Flox\n\n  # Install nodejs dependencies\n  npm install\n\n  # End autogenerated by Flox\n"
    },
    "profile": {},
    "options": {
      "systems": [
        "aarch64-darwin",
        "aarch64-linux",
        "x86_64-darwin",
        "x86_64-linux"
      ],
      "allow": {
        "licenses": []
      },
      "semver": {}
    }
  },
  "packages": [
    {
      "attr_path": "nodejs",
      "broken": false,
      "derivation": "/nix/store/0vf1qjh3y9f9f9z6w2rhj69xj3sjlcdq-nodejs-22.14.0.drv",
      "description": "Event-driven I/O framework for the V8 JavaScript engine",
      "install_id": "nodejs",
      "license": "MIT",
      "locked_url": "https://github.com/flox/nixpkgs?rev=b6eaf97c6960d97350c584de1b6dcff03c9daf42",
      "name": "nodejs-22.14.0",
      "pname": "nodejs",
      "rev": "b6eaf97c6960d97350c584de1b6dcff03c9daf42",
      "rev_count": 769969,
      "rev_date": "2025-03-18T09:06:34Z",
      "scrape_date": "2025-03-20T01:09:47.006661Z",
      "stabilities": [
        "unstable"
      ],
      "unfree": false,
      "version": "22.14.0",
      "outputs_to_install": [
        "out"
      ],
      "outputs": {
        "libv8": "/nix/store/q6xnd2kar3sh0jnwic7z2k0fm3450xrs-nodejs-22.14.0-libv8",
        "out": "/nix/store/gxr9abzyqmva25p3k142qs1djj9q5fqw-nodejs-22.14.0"
      },
      "system": "aarch64-darwin",
      "group": "toplevel",
      "priority": 5
    },
    {
      "attr_path": "nodejs",
      "broken": false,
      "derivation": "/nix/store/mv2wz78naj8v3vxzd394zjbczr49a3nq-nodejs-22.14.0.drv",
      "description": "Event-driven I/O framework for the V8 JavaScript engine",
      "install_id": "nodejs",
      "license": "MIT",
      "locked_url": "https://github.com/flox/nixpkgs?rev=b6eaf97c6960d97350c584de1b6dcff03c9daf42",
      "name": "nodejs-22.14.0",
      "pname": "nodejs",
      "rev": "b6eaf97c6960d97350c584de1b6dcff03c9daf42",
      "rev_count": 769969,
      "rev_date": "2025-03-18T09:06:34Z",
      "scrape_date": "2025-03-20T01:28:14.118115Z",
      "stabilities": [
        "unstable"
      ],
      "unfree": false,
      "version": "22.14.0",
      "outputs_to_install": [
        "out"
      ],
      "outputs": {
        "libv8": "/nix/store/5qv5cl1s9hjhyjhd4nmgndf1ccf3mc4r-nodejs-22.14.0-libv8",
        "out": "/nix/store/5baih13vgavgia3889wsvh4n4z0mkawd-nodejs-22.14.0"
      },
      "system": "aarch64-linux",
      "group": "toplevel",
      "priority": 5
    },
    {
      "attr_path": "nodejs",
      "broken": false,
      "derivation": "/nix/store/4cqnziwc9xm2cs9wa7f6hqbfk1p16pg3-nodejs-22.14.0.drv",
      "description": "Event-driven I/O framework for the V8 JavaScript engine",
      "install_id": "nodejs",
      "license": "MIT",
      "locked_url": "https://github.com/flox/nixpkgs?rev=b6eaf97c6960d97350c584de1b6dcff03c9daf42",
      "name": "nodejs-22.14.0",
      "pname": "nodejs",
      "rev": "b6eaf97c6960d97350c584de1b6dcff03c9daf42",
      "rev_count": 769969,
      "rev_date": "2025-03-18T09:06:34Z",
      "scrape_date": "2025-03-20T01:44:40.929723Z",
      "stabilities": [
        "unstable"
      ],
      "unfree": false,
      "version": "22.14.0",
      "outputs_to_install": [
        "out"
      ],
      "outputs": {
        "libv8": "/nix/store/jg0m7pq2hvqrkm1vx22sghqvc9vnn35h-nodejs-22.14.0-libv8",
        "out": "/nix/store/8b56xv3fa7v0w0kpr2yvkxq6cb2kknd0-nodejs-22.14.0"
      },
      "system": "x86_64-darwin",
      "group": "toplevel",
      "priority": 5
    },
    {
      "attr_path": "nodejs",
      "broken": false,
      "derivation": "/nix/store/355wccz7k0y4wz9y0fvp063xrfq3n1nc-nodejs-22.14.0.drv",
      "description": "Event-driven I/O framework for the V8 JavaScript engine",
      "install_id": "nodejs",
      "license": "MIT",
      "locked_url": "https://github.com/flox/nixpkgs?rev=b6eaf97c6960d97350c584de1b6dcff03c9daf42",
      "name": "nodejs-22.14.0",
      "pname": "nodejs",
      "rev": "b6eaf97c6960d97350c584de1b6dcff03c9daf42",
      "rev_count": 769969,
      "rev_date": "2025-03-18T09:06:34Z",
      "scrape_date": "2025-03-20T02:04:21.515396Z",
      "stabilities": [
        "unstable"
      ],
      "unfree": false,
      "version": "22.14.0",
      "outputs_to_install": [
        "out"
      ],
      "outputs": {
        "libv8": "/nix/store/hs3x57x6gw75sgwa081d3ir63rz7phmb-nodejs-22.14.0-libv8",
        "out": "/nix/store/87hsv7pc321h80j7223209nxc8vmabqb-nodejs-22.14.0"
      },
      "system": "x86_64-linux",
      "group": "toplevel",
      "priority": 5
    }
  ]
}